
Microsoft Visual Studio Solution File, Format Version 12.00
# Visual Studio 15
VisualStudioVersion = 15.0.27130.2010
MinimumVisualStudioVersion = 15.0.26124.0
Project("{9A19103F-16F7-4668-BE54-9A1E7A4F7556}") = "Gauge.CSharp.Lib", "Lib\Gauge.CSharp.Lib.csproj", "{AF9917DE-C4A9-46BA-B84B-70E4E239DFBD}"
EndProject
Project("{9A19103F-16F7-4668-BE54-9A1E7A4F7556}") = "Gauge.CSharp.Lib.UnitTests", "Lib.UnitTests\Gauge.CSharp.Lib.UnitTests.csproj", "{9CE805C0-70DC-4759-8EFE-EF7E40937B3B}"
EndProject
Global
	GlobalSection(SolutionConfigurationPlatforms) = preSolution
		Debug|Any CPU = Debug|Any CPU
		Debug|x64 = Debug|x64
		Debug|x86 = Debug|x86
		Release|Any CPU = Release|Any CPU
		Release|x64 = Release|x64
		Release|x86 = Release|x86
	EndGlobalSection
	GlobalSection(ProjectConfigurationPlatforms) = postSolution
		{AF9917DE-C4A9-46BA-B84B-70E4E239DFBD}.Debug|Any CPU.ActiveCfg = Debug|Any CPU
		{AF9917DE-C4A9-46BA-B84B-70E4E239DFBD}.Debug|Any CPU.Build.0 = Debug|Any CPU
		{AF9917DE-C4A9-46BA-B84B-70E4E239DFBD}.Debug|x64.ActiveCfg = Debug|Any CPU
		{AF9917DE-C4A9-46BA-B84B-70E4E239DFBD}.Debug|x64.Build.0 = Debug|Any CPU
		{AF9917DE-C4A9-46BA-B84B-70E4E239DFBD}.Debug|x86.ActiveCfg = Debug|Any CPU
		{AF9917DE-C4A9-46BA-B84B-70E4E239DFBD}.Debug|x86.Build.0 = Debug|Any CPU
		{AF9917DE-C4A9-46BA-B84B-70E4E239DFBD}.Release|Any CPU.ActiveCfg = Release|Any CPU
		{AF9917DE-C4A9-46BA-B84B-70E4E239DFBD}.Release|Any CPU.Build.0 = Release|Any CPU
		{AF9917DE-C4A9-46BA-B84B-70E4E239DFBD}.Release|x64.ActiveCfg = Release|Any CPU
		{AF9917DE-C4A9-46BA-B84B-70E4E239DFBD}.Release|x64.Build.0 = Release|Any CPU
		{AF9917DE-C4A9-46BA-B84B-70E4E239DFBD}.Release|x86.ActiveCfg = Release|Any CPU
		{AF9917DE-C4A9-46BA-B84B-70E4E239DFBD}.Release|x86.Build.0 = Release|Any CPU
		{9CE805C0-70DC-4759-8EFE-EF7E40937B3B}.Debug|Any CPU.ActiveCfg = Debug|Any CPU
		{9CE805C0-70DC-4759-8EFE-EF7E40937B3B}.Debug|Any CPU.Build.0 = Debug|Any CPU
		{9CE805C0-70DC-4759-8EFE-EF7E40937B3B}.Debug|x64.ActiveCfg = Debug|Any CPU
		{9CE805C0-70DC-4759-8EFE-EF7E40937B3B}.Debug|x64.Build.0 = Debug|Any CPU
		{9CE805C0-70DC-4759-8EFE-EF7E40937B3B}.Debug|x86.ActiveCfg = Debug|Any CPU
		{9CE805C0-70DC-4759-8EFE-EF7E40937B3B}.Debug|x86.Build.0 = Debug|Any CPU
		{9CE805C0-70DC-4759-8EFE-EF7E40937B3B}.Release|Any CPU.ActiveCfg = Release|Any CPU
		{9CE805C0-70DC-4759-8EFE-EF7E40937B3B}.Release|Any CPU.Build.0 = Release|Any CPU
		{9CE805C0-70DC-4759-8EFE-EF7E40937B3B}.Release|x64.ActiveCfg = Release|Any CPU
		{9CE805C0-70DC-4759-8EFE-EF7E40937B3B}.Release|x64.Build.0 = Release|Any CPU
		{9CE805C0-70DC-4759-8EFE-EF7E40937B3B}.Release|x86.ActiveCfg = Release|Any CPU
		{9CE805C0-70DC-4759-8EFE-EF7E40937B3B}.Release|x86.Build.0 = Release|Any CPU
	EndGlobalSection
	GlobalSection(SolutionProperties) = preSolution
		HideSolutionNode = FALSE
	EndGlobalSection
	GlobalSection(ExtensibilityGlobals) = postSolution
		SolutionGuid = {F0791A22-CE0C-4C6C-9EB4-ADC2D1F0EF45}
	EndGlobalSection
EndGlobal
